
Microsoft Visual Studio Solution File, Format Version 12.00
# Visual Studio Version 17
VisualStudioVersion = 17.11.35327.3
MinimumVisualStudioVersion = 10.0.40219.1
Project("{FAE04EC0-301F-11D3-BF4B-00C04F79EFBC}") = "atm", "atm\atm.csproj", "{6A8E3E35-B779-4123-BE42-028A03D95589}"
EndProject
Global
	GlobalSection(SolutionConfigurationPlatforms) = preSolution
		Debug|Any CPU = Debug|Any CPU
		Release|Any CPU = Release|Any CPU
	EndGlobalSection
	GlobalSection(ProjectConfigurationPlatforms) = postSolution
		{6A8E3E35-B779-4123-BE42-028A03D95589}.Debug|Any CPU.ActiveCfg = Debug|Any CPU
		{6A8E3E35-B779-4123-BE42-028A03D95589}.Debug|Any CPU.Build.0 = Debug|Any CPU
		{6A8E3E35-B779-4123-BE42-028A03D95589}.Release|Any CPU.ActiveCfg = Release|Any CPU
		{6A8E3E35-B779-4123-BE42-028A03D95589}.Release|Any CPU.Build.0 = Release|Any CPU
	EndGlobalSection
	GlobalSection(SolutionProperties) = preSolution
		HideSolutionNode = FALSE
	EndGlobalSection
	GlobalSection(ExtensibilityGlobals) = postSolution
		SolutionGuid = {E1EA50B0-B120-477F-9020-DB6B1B7CBA09}
	EndGlobalSection
EndGlobal
